
Microsoft Visual Studio Solution File, Format Version 12.00
# Visual Studio Version 17
VisualStudioVersion = 17.7.34031.279
MinimumVisualStudioVersion = 10.0.40219.1
Project("{FAE04EC0-301F-11D3-BF4B-00C04F79EFBC}") = "lab_3", "lab_3\lab_3.csproj", "{9C0FF79C-61DA-4C74-9930-5E7DB61BC752}"
EndProject
Project("{FAE04EC0-301F-11D3-BF4B-00C04F79EFBC}") = "IntegralCalculator", "IntegralCalculator\IntegralCalculator.csproj", "{C31CA66D-C328-43E7-8A04-714264D0CF90}"
EndProject
Global
	GlobalSection(SolutionConfigurationPlatforms) = preSolution
		Debug|Any CPU = Debug|Any CPU
		Release|Any CPU = Release|Any CPU
	EndGlobalSection
	GlobalSection(ProjectConfigurationPlatforms) = postSolution
		{9C0FF79C-61DA-4C74-9930-5E7DB61BC752}.Debug|Any CPU.ActiveCfg = Debug|Any CPU
		{9C0FF79C-61DA-4C74-9930-5E7DB61BC752}.Debug|Any CPU.Build.0 = Debug|Any CPU
		{9C0FF79C-61DA-4C74-9930-5E7DB61BC752}.Release|Any CPU.ActiveCfg = Release|Any CPU
		{9C0FF79C-61DA-4C74-9930-5E7DB61BC752}.Release|Any CPU.Build.0 = Release|Any CPU
		{C31CA66D-C328-43E7-8A04-714264D0CF90}.Debug|Any CPU.ActiveCfg = Debug|Any CPU
		{C31CA66D-C328-43E7-8A04-714264D0CF90}.Debug|Any CPU.Build.0 = Debug|Any CPU
		{C31CA66D-C328-43E7-8A04-714264D0CF90}.Release|Any CPU.ActiveCfg = Release|Any CPU
		{C31CA66D-C328-43E7-8A04-714264D0CF90}.Release|Any CPU.Build.0 = Release|Any CPU
	EndGlobalSection
	GlobalSection(SolutionProperties) = preSolution
		HideSolutionNode = FALSE
	EndGlobalSection
	GlobalSection(ExtensibilityGlobals) = postSolution
		SolutionGuid = {DAA43763-54CB-4848-AE76-6D1DF33A44BA}
	EndGlobalSection
EndGlobal
